
Microsoft Visual Studio Solution File, Format Version 12.00
# Visual Studio Version 16
VisualStudioVersion = 16.0.29324.140
MinimumVisualStudioVersion = 10.0.40219.1
Project("{8BC9CEB8-8B4A-11D0-8D11-00A0C91BC942}") = "PackageClass", "PackageClass\PackageClass.vcxproj", "{B4C38686-82D6-4DB2-B3D9-7E0409CBDCE4}"
EndProject
Global
	GlobalSection(SolutionConfigurationPlatforms) = preSolution
		Debug|x64 = Debug|x64
		Debug|x86 = Debug|x86
		Release|x64 = Release|x64
		Release|x86 = Release|x86
	EndGlobalSection
	GlobalSection(ProjectConfigurationPlatforms) = postSolution
		{B4C38686-82D6-4DB2-B3D9-7E0409CBDCE4}.Debug|x64.ActiveCfg = Debug|x64
		{B4C38686-82D6-4DB2-B3D9-7E0409CBDCE4}.Debug|x64.Build.0 = Debug|x64
		{B4C38686-82D6-4DB2-B3D9-7E0409CBDCE4}.Debug|x86.ActiveCfg = Debug|Win32
		{B4C38686-82D6-4DB2-B3D9-7E0409CBDCE4}.Debug|x86.Build.0 = Debug|Win32
		{B4C38686-82D6-4DB2-B3D9-7E0409CBDCE4}.Release|x64.ActiveCfg = Release|x64
		{B4C38686-82D6-4DB2-B3D9-7E0409CBDCE4}.Release|x64.Build.0 = Release|x64
		{B4C38686-82D6-4DB2-B3D9-7E0409CBDCE4}.Release|x86.ActiveCfg = Release|Win32
		{B4C38686-82D6-4DB2-B3D9-7E0409CBDCE4}.Release|x86.Build.0 = Release|Win32
	EndGlobalSection
	GlobalSection(SolutionProperties) = preSolution
		HideSolutionNode = FALSE
	EndGlobalSection
	GlobalSection(ExtensibilityGlobals) = postSolution
		SolutionGuid = {CEEBE2D6-88E1-4198-88C5-3E9E692BB098}
	EndGlobalSection
EndGlobal
