
Microsoft Visual Studio Solution File, Format Version 12.00
# Visual Studio Version 16
VisualStudioVersion = 16.0.29503.13
MinimumVisualStudioVersion = 10.0.40219.1
Project("{8BC9CEB8-8B4A-11D0-8D11-00A0C91BC942}") = "1002", "1002\1002.vcxproj", "{8D028696-B344-46DC-8DA7-3C01AB1923C2}"
EndProject
Global
	GlobalSection(SolutionConfigurationPlatforms) = preSolution
		Debug|x64 = Debug|x64
		Debug|x86 = Debug|x86
		Release|x64 = Release|x64
		Release|x86 = Release|x86
	EndGlobalSection
	GlobalSection(ProjectConfigurationPlatforms) = postSolution
		{8D028696-B344-46DC-8DA7-3C01AB1923C2}.Debug|x64.ActiveCfg = Debug|x64
		{8D028696-B344-46DC-8DA7-3C01AB1923C2}.Debug|x64.Build.0 = Debug|x64
		{8D028696-B344-46DC-8DA7-3C01AB1923C2}.Debug|x86.ActiveCfg = Debug|Win32
		{8D028696-B344-46DC-8DA7-3C01AB1923C2}.Debug|x86.Build.0 = Debug|Win32
		{8D028696-B344-46DC-8DA7-3C01AB1923C2}.Release|x64.ActiveCfg = Release|x64
		{8D028696-B344-46DC-8DA7-3C01AB1923C2}.Release|x64.Build.0 = Release|x64
		{8D028696-B344-46DC-8DA7-3C01AB1923C2}.Release|x86.ActiveCfg = Release|Win32
		{8D028696-B344-46DC-8DA7-3C01AB1923C2}.Release|x86.Build.0 = Release|Win32
	EndGlobalSection
	GlobalSection(SolutionProperties) = preSolution
		HideSolutionNode = FALSE
	EndGlobalSection
	GlobalSection(ExtensibilityGlobals) = postSolution
		SolutionGuid = {97677A3D-01F6-4DEB-B719-793100D8CA3E}
	EndGlobalSection
EndGlobal
