
Microsoft Visual Studio Solution File, Format Version 12.00
# Visual Studio Version 16
VisualStudioVersion = 16.0.29324.140
MinimumVisualStudioVersion = 10.0.40219.1
Project("{8BC9CEB8-8B4A-11D0-8D11-00A0C91BC942}") = "11726", "11726\11726.vcxproj", "{EC188B5B-4546-424E-9E64-00D386237CF4}"
EndProject
Global
	GlobalSection(SolutionConfigurationPlatforms) = preSolution
		Debug|x64 = Debug|x64
		Debug|x86 = Debug|x86
		Release|x64 = Release|x64
		Release|x86 = Release|x86
	EndGlobalSection
	GlobalSection(ProjectConfigurationPlatforms) = postSolution
		{EC188B5B-4546-424E-9E64-00D386237CF4}.Debug|x64.ActiveCfg = Debug|x64
		{EC188B5B-4546-424E-9E64-00D386237CF4}.Debug|x64.Build.0 = Debug|x64
		{EC188B5B-4546-424E-9E64-00D386237CF4}.Debug|x86.ActiveCfg = Debug|Win32
		{EC188B5B-4546-424E-9E64-00D386237CF4}.Debug|x86.Build.0 = Debug|Win32
		{EC188B5B-4546-424E-9E64-00D386237CF4}.Release|x64.ActiveCfg = Release|x64
		{EC188B5B-4546-424E-9E64-00D386237CF4}.Release|x64.Build.0 = Release|x64
		{EC188B5B-4546-424E-9E64-00D386237CF4}.Release|x86.ActiveCfg = Release|Win32
		{EC188B5B-4546-424E-9E64-00D386237CF4}.Release|x86.Build.0 = Release|Win32
	EndGlobalSection
	GlobalSection(SolutionProperties) = preSolution
		HideSolutionNode = FALSE
	EndGlobalSection
	GlobalSection(ExtensibilityGlobals) = postSolution
		SolutionGuid = {83286E3C-A302-4230-81BD-1282E8FD90AF}
	EndGlobalSection
EndGlobal
