
Microsoft Visual Studio Solution File, Format Version 12.00
# Visual Studio Version 16
VisualStudioVersion = 16.0.29324.140
MinimumVisualStudioVersion = 10.0.40219.1
Project("{8BC9CEB8-8B4A-11D0-8D11-00A0C91BC942}") = "stringtest", "stringtest\stringtest.vcxproj", "{73C45F49-F31E-4854-9E27-AE127C3ADDFE}"
EndProject
Global
	GlobalSection(SolutionConfigurationPlatforms) = preSolution
		Debug|x64 = Debug|x64
		Debug|x86 = Debug|x86
		Release|x64 = Release|x64
		Release|x86 = Release|x86
	EndGlobalSection
	GlobalSection(ProjectConfigurationPlatforms) = postSolution
		{73C45F49-F31E-4854-9E27-AE127C3ADDFE}.Debug|x64.ActiveCfg = Debug|x64
		{73C45F49-F31E-4854-9E27-AE127C3ADDFE}.Debug|x64.Build.0 = Debug|x64
		{73C45F49-F31E-4854-9E27-AE127C3ADDFE}.Debug|x86.ActiveCfg = Debug|Win32
		{73C45F49-F31E-4854-9E27-AE127C3ADDFE}.Debug|x86.Build.0 = Debug|Win32
		{73C45F49-F31E-4854-9E27-AE127C3ADDFE}.Release|x64.ActiveCfg = Release|x64
		{73C45F49-F31E-4854-9E27-AE127C3ADDFE}.Release|x64.Build.0 = Release|x64
		{73C45F49-F31E-4854-9E27-AE127C3ADDFE}.Release|x86.ActiveCfg = Release|Win32
		{73C45F49-F31E-4854-9E27-AE127C3ADDFE}.Release|x86.Build.0 = Release|Win32
	EndGlobalSection
	GlobalSection(SolutionProperties) = preSolution
		HideSolutionNode = FALSE
	EndGlobalSection
	GlobalSection(ExtensibilityGlobals) = postSolution
		SolutionGuid = {8FA01F72-1415-444E-BA28-8C1330589B81}
	EndGlobalSection
EndGlobal
