
Microsoft Visual Studio Solution File, Format Version 12.00
# Visual Studio Version 16
VisualStudioVersion = 16.0.29324.140
MinimumVisualStudioVersion = 10.0.40219.1
Project("{8BC9CEB8-8B4A-11D0-8D11-00A0C91BC942}") = "4673", "4673\4673.vcxproj", "{D6C41547-F024-44C7-ACBC-7D0FA306EC48}"
EndProject
Global
	GlobalSection(SolutionConfigurationPlatforms) = preSolution
		Debug|x64 = Debug|x64
		Debug|x86 = Debug|x86
		Release|x64 = Release|x64
		Release|x86 = Release|x86
	EndGlobalSection
	GlobalSection(ProjectConfigurationPlatforms) = postSolution
		{D6C41547-F024-44C7-ACBC-7D0FA306EC48}.Debug|x64.ActiveCfg = Debug|x64
		{D6C41547-F024-44C7-ACBC-7D0FA306EC48}.Debug|x64.Build.0 = Debug|x64
		{D6C41547-F024-44C7-ACBC-7D0FA306EC48}.Debug|x86.ActiveCfg = Debug|Win32
		{D6C41547-F024-44C7-ACBC-7D0FA306EC48}.Debug|x86.Build.0 = Debug|Win32
		{D6C41547-F024-44C7-ACBC-7D0FA306EC48}.Release|x64.ActiveCfg = Release|x64
		{D6C41547-F024-44C7-ACBC-7D0FA306EC48}.Release|x64.Build.0 = Release|x64
		{D6C41547-F024-44C7-ACBC-7D0FA306EC48}.Release|x86.ActiveCfg = Release|Win32
		{D6C41547-F024-44C7-ACBC-7D0FA306EC48}.Release|x86.Build.0 = Release|Win32
	EndGlobalSection
	GlobalSection(SolutionProperties) = preSolution
		HideSolutionNode = FALSE
	EndGlobalSection
	GlobalSection(ExtensibilityGlobals) = postSolution
		SolutionGuid = {649BFAF8-12FB-49A1-8E9B-72F363FF3CC2}
	EndGlobalSection
EndGlobal
